
Microsoft Visual Studio Solution File, Format Version 12.00
# Visual Studio Version 17
VisualStudioVersion = 17.14.36915.13 d17.14
MinimumVisualStudioVersion = 10.0.40219.1
Project("{FAE04EC0-301F-11D3-BF4B-00C04F79EFBC}") = "Shmavonyants_Minigame", "Shmavonyants_Minigame\Shmavonyants_Minigame.csproj", "{E4A7EE3C-6D1D-444A-97EB-7EC4A24D5AEE}"
EndProject
Global
	GlobalSection(SolutionConfigurationPlatforms) = preSolution
		Debug|Any CPU = Debug|Any CPU
		Release|Any CPU = Release|Any CPU
	EndGlobalSection
	GlobalSection(ProjectConfigurationPlatforms) = postSolution
		{E4A7EE3C-6D1D-444A-97EB-7EC4A24D5AEE}.Debug|Any CPU.ActiveCfg = Debug|Any CPU
		{E4A7EE3C-6D1D-444A-97EB-7EC4A24D5AEE}.Debug|Any CPU.Build.0 = Debug|Any CPU
		{E4A7EE3C-6D1D-444A-97EB-7EC4A24D5AEE}.Release|Any CPU.ActiveCfg = Release|Any CPU
		{E4A7EE3C-6D1D-444A-97EB-7EC4A24D5AEE}.Release|Any CPU.Build.0 = Release|Any CPU
	EndGlobalSection
	GlobalSection(SolutionProperties) = preSolution
		HideSolutionNode = FALSE
	EndGlobalSection
	GlobalSection(ExtensibilityGlobals) = postSolution
		SolutionGuid = {9B14A68B-6289-4745-A3E4-0B16A901413E}
	EndGlobalSection
EndGlobal
